
Microsoft Visual Studio Solution File, Format Version 12.00
# Visual Studio Version 16
VisualStudioVersion = 16.0.29613.14
MinimumVisualStudioVersion = 10.0.40219.1
Project("{9A19103F-16F7-4668-BE54-9A1E7A4F7556}") = "TekhnelogosWeb", "TekhnelogosWeb\TekhnelogosWeb.csproj", "{BDE4C279-C4B4-4DB5-A3EF-C4654EE46FAD}"
EndProject
Project("{E53339B2-1760-4266-BCC7-CA923CBCF16C}") = "docker-compose", "docker-compose.dcproj", "{AD1017B7-FF7A-4398-B76F-FA90ECDF9960}"
EndProject
Global
	GlobalSection(SolutionConfigurationPlatforms) = preSolution
		Debug|Any CPU = Debug|Any CPU
		Release|Any CPU = Release|Any CPU
	EndGlobalSection
	GlobalSection(ProjectConfigurationPlatforms) = postSolution
		{BDE4C279-C4B4-4DB5-A3EF-C4654EE46FAD}.Debug|Any CPU.ActiveCfg = Debug|Any CPU
		{BDE4C279-C4B4-4DB5-A3EF-C4654EE46FAD}.Debug|Any CPU.Build.0 = Debug|Any CPU
		{BDE4C279-C4B4-4DB5-A3EF-C4654EE46FAD}.Release|Any CPU.ActiveCfg = Release|Any CPU
		{BDE4C279-C4B4-4DB5-A3EF-C4654EE46FAD}.Release|Any CPU.Build.0 = Release|Any CPU
		{AD1017B7-FF7A-4398-B76F-FA90ECDF9960}.Debug|Any CPU.ActiveCfg = Debug|Any CPU
		{AD1017B7-FF7A-4398-B76F-FA90ECDF9960}.Debug|Any CPU.Build.0 = Debug|Any CPU
		{AD1017B7-FF7A-4398-B76F-FA90ECDF9960}.Release|Any CPU.ActiveCfg = Release|Any CPU
		{AD1017B7-FF7A-4398-B76F-FA90ECDF9960}.Release|Any CPU.Build.0 = Release|Any CPU
	EndGlobalSection
	GlobalSection(SolutionProperties) = preSolution
		HideSolutionNode = FALSE
	EndGlobalSection
	GlobalSection(ExtensibilityGlobals) = postSolution
		SolutionGuid = {A8191589-E850-4F82-A77A-505476BB8554}
	EndGlobalSection
EndGlobal
